// !$*UTF8*$!
{
	archiveVersion = 1;
	classes = {
	};
	objectVersion = 46;
	objects = {

/* Begin PBXBuildFile section */
		F90465791CBE94270054773F /* main.m in Sources */ = {isa = PBXBuildFile; fileRef = F90465781CBE94270054773F /* main.m */; };
		F904657C1CBE94270054773F /* AppDelegate.m in Sources */ = {isa = PBXBuildFile; fileRef = F904657B1CBE94270054773F /* AppDelegate.m */; };
		F904657F1CBE94270054773F /* ViewController.m in Sources */ = {isa = PBXBuildFile; fileRef = F904657E1CBE94270054773F /* ViewController.m */; };
		F90465821CBE94270054773F /* Main.storyboard in Resources */ = {isa = PBXBuildFile; fileRef = F90465801CBE94270054773F /* Main.storyboard */; };
		F90465841CBE94270054773F /* Assets.xcassets in Resources */ = {isa = PBXBuildFile; fileRef = F90465831CBE94270054773F /* Assets.xcassets */; };
		F90465871CBE94270054773F /* LaunchScreen.storyboard in Resources */ = {isa = PBXBuildFile; fileRef = F90465851CBE94270054773F /* LaunchScreen.storyboard */; };
/* End PBXBuildFile section */

/* Begin PBXFileReference section */
		F90465741CBE94270054773F /* SocialShare.app */ = {isa = PBXFileReference; explicitFileType = wrapper.application; includeInIndex = 0; path = SocialShare.app; sourceTree = BUILT_PRODUCTS_DIR; };
		F90465781CBE94270054773F /* main.m */ = {isa = PBXFileReference; lastKnownFileType = sourcecode.c.objc; path = main.m; sourceTree = "<group>"; };
		F904657A1CBE94270054773F /* AppDelegate.h */ = {isa = PBXFileReference; lastKnownFileType = sourcecode.c.h; path = AppDelegate.h; sourceTree = "<group>"; };
		F904657B1CBE94270054773F /* AppDelegate.m */ = {isa = PBXFileReference; lastKnownFileType = sourcecode.c.objc; path = AppDelegate.m; sourceTree = "<group>"; };
		F904657D1CBE94270054773F /* ViewController.h */ = {isa = PBXFileReference; lastKnownFileType = sourcecode.c.h; path = ViewController.h; sourceTree = "<group>"; };
		F904657E1CBE94270054773F /* ViewController.m */ = {isa = PBXFileReference; lastKnownFileType = sourcecode.c.objc; path = ViewController.m; sourceTree = "<group>"; };
		F90465811CBE94270054773F /* Base */ = {isa = PBXFileReference; lastKnownFileType = file.storyboard; name = Base; path = Base.lproj/Main.storyboard; sourceTree = "<group>"; };
		F90465831CBE94270054773F /* Assets.xcassets */ = {isa = PBXFileReference; lastKnownFileType = folder.assetcatalog; path = Assets.xcassets; sourceTree = "<group>"; };
		F90465861CBE94270054773F /* Base */ = {isa = PBXFileReference; lastKnownFileType = file.storyboard; name = Base; path = Base.lproj/LaunchScreen.storyboard; sourceTree = "<group>"; };
		F90465881CBE94270054773F /* Info.plist */ = {isa = PBXFileReference; lastKnownFileType = text.plist.xml; path = Info.plist; sourceTree = "<group>"; };
/* End PBXFileReference section */

/* Begin PBXFrameworksBuildPhase section */
		F90465711CBE94270054773F /* Frameworks */ = {
			isa = PBXFrameworksBuildPhase;
			buildActionMask = 2147483647;
			files = (
			);
			runOnlyForDeploymentPostprocessing = 0;
		};
/* End PBXFrameworksBuildPhase section */

/* Begin PBXGroup section */
		F904656B1CBE94270054773F = {
			isa = PBXGroup;
			children = (
				F90465761CBE94270054773F /* SocialShare */,
				F90465751CBE94270054773F /* Products */,
			);
			sourceTree = "<group>";
		};
		F90465751CBE94270054773F /* Products */ = {
			isa = PBXGroup;
			children = (
				F90465741CBE94270054773F /* SocialShare.app */,
			);
			name = Products;
			sourceTree = "<group>";
		};
		F90465761CBE94270054773F /* SocialShare */ = {
			isa = PBXGroup;
			children = (
				F904657A1CBE94270054773F /* AppDelegate.h */,
				F904657B1CBE94270054773F /* AppDelegate.m */,
				F904657D1CBE94270054773F /* ViewController.h */,
				F904657E1CBE94270054773F /* ViewController.m */,
				F90465801CBE94270054773F /* Main.storyboard */,
				F90465831CBE94270054773F /* Assets.xcassets */,
				F90465851CBE94270054773F /* LaunchScreen.storyboard */,
				F90465881CBE94270054773F /* Info.plist */,
				F90465771CBE94270054773F /* Supporting Files */,
			);
			path = SocialShare;
			sourceTree = "<group>";
		};
		F90465771CBE94270054773F /* Supporting Files */ = {
			isa = PBXGroup;
			children = (
				F90465781CBE94270054773F /* main.m */,
			);
			name = "Supporting Files";
			sourceTree = "<group>";
		};
/* End PBXGroup section */

/* Begin PBXNativeTarget section */
		F90465731CBE94270054773F /* SocialShare */ = {
			isa = PBXNativeTarget;
			buildConfigurationList = F904658B1CBE94270054773F /* Build configuration list for PBXNativeTarget "SocialShare" */;
			buildPhases = (
				F90465701CBE94270054773F /* Sources */,
				F90465711CBE94270054773F /* Frameworks */,
				F90465721CBE94270054773F /* Resources */,
			);
			buildRules = (
			);
			dependencies = (
			);
			name = SocialShare;
			productName = SocialShare;
			productReference = F90465741CBE94270054773F /* SocialShare.app */;
			productType = "com.apple.product-type.application";
		};
/* End PBXNativeTarget section */

/* Begin PBXProject section */
		F904656C1CBE94270054773F /* Project object */ = {
			isa = PBXProject;
			attributes = {
				LastUpgradeCheck = 0730;
				ORGANIZATIONNAME = "Harish Sista";
				TargetAttributes = {
					F90465731CBE94270054773F = {
						CreatedOnToolsVersion = 7.3;
						DevelopmentTeam = NK2U2TUA83;
					};
				};
			};
			buildConfigurationList = F904656F1CBE94270054773F /* Build configuration list for PBXProject "SocialShare" */;
			compatibilityVersion = "Xcode 3.2";
			developmentRegion = English;
			hasScannedForEncodings = 0;
			knownRegions = (
				en,
				Base,
			);
			mainGroup = F904656B1CBE94270054773F;
			productRefGroup = F90465751CBE94270054773F /* Products */;
			projectDirPath = "";
			projectRoot = "";
			targets = (
				F90465731CBE94270054773F /* SocialShare */,
			);
		};
/* End PBXProject section */

/* Begin PBXResourcesBuildPhase section */
		F90465721CBE94270054773F /* Resources */ = {
			isa = PBXResourcesBuildPhase;
			buildActionMask = 2147483647;
			files = (
				F90465871CBE94270054773F /* LaunchScreen.storyboard in Resources */,
				F90465841CBE94270054773F /* Assets.xcassets in Resources */,
				F90465821CBE94270054773F /* Main.storyboard in Resources */,
			);
			runOnlyForDeploymentPostprocessing = 0;
		};
/* End PBXResourcesBuildPhase section */

/* Begin PBXSourcesBuildPhase section */
		F90465701CBE94270054773F /* Sources */ = {
			isa = PBXSourcesBuildPhase;
			buildActionMask = 2147483647;
			files = (
				F904657F1CBE94270054773F /* ViewController.m in Sources */,
				F904657C1CBE94270054773F /* AppDelegate.m in Sources */,
				F90465791CBE94270054773F /* main.m in Sources */,
			);
			runOnlyForDeploymentPostprocessing = 0;
		};
/* End PBXSourcesBuildPhase section */

/* Begin PBXVariantGroup section */
		F90465801CBE94270054773F /* Main.storyboard */ = {
			isa = PBXVariantGroup;
			children = (
				F90465811CBE94270054773F /* Base */,
			);
			name = Main.storyboard;
			sourceTree = "<group>";
		};
		F90465851CBE94270054773F /* LaunchScreen.storyboard */ = {
			isa = PBXVariantGroup;
			children = (
				F90465861CBE94270054773F /* Base */,
			);
			name = LaunchScreen.storyboard;
			sourceTree = "<group>";
		};
/* End PBXVariantGroup section */

/* Begin XCBuildConfiguration section */
		F90465891CBE94270054773F /* Debug */ = {
			isa = XCBuildConfiguration;
			buildSettings = {
				ALWAYS_SEARCH_USER_PATHS = NO;
				CLANG_ANALYZER_NONNULL = YES;
				CLANG_CXX_LANGUAGE_STANDARD = "gnu++0x";
				CLANG_CXX_LIBRARY = "libc++";
				CLANG_ENABLE_MODULES = YES;
				CLANG_ENABLE_OBJC_ARC = YES;
				CLANG_WARN_BOOL_CONVERSION = YES;
				CLANG_WARN_CONSTANT_CONVERSION = YES;
				CLANG_WARN_DIRECT_OBJC_ISA_USAGE = YES_ERROR;
				CLANG_WARN_EMPTY_BODY = YES;
				CLANG_WARN_ENUM_CONVERSION = YES;
				CLANG_WARN_INT_CONVERSION = YES;
				CLANG_WARN_OBJC_ROOT_CLASS = YES_ERROR;
				CLANG_WARN_UNREACHABLE_CODE = YES;
				CLANG_WARN__DUPLICATE_METHOD_MATCH = YES;
				"CODE_SIGN_IDENTITY[sdk=iphoneos*]" = "iPhone Developer";
				COPY_PHASE_STRIP = NO;
				DEBUG_INFORMATION_FORMAT = dwarf;
				ENABLE_STRICT_OBJC_MSGSEND = YES;
				ENABLE_TESTABILITY = YES;
				GCC_C_LANGUAGE_STANDARD = gnu99;
				GCC_DYNAMIC_NO_PIC = NO;
				GCC_NO_COMMON_BLOCKS = YES;
				GCC_OPTIMIZATION_LEVEL = 0;
				GCC_PREPROCESSOR_DEFINITIONS = (
					"DEBUG=1",
					"$(inherited)",
				);
				GCC_WARN_64_TO_32_BIT_CONVERSION = YES;
				GCC_WARN_ABOUT_RETURN_TYPE = YES_ERROR;
				GCC_WARN_UNDECLARED_SELECTOR = YES;
				GCC_WARN_UNINITIALIZED_AUTOS = YES_AGGRESSIVE;
				GCC_WARN_UNUSED_FUNCTION = YES;
				GCC_WARN_UNUSED_VARIABLE = YES;
				IPHONEOS_DEPLOYMENT_TARGET = 9.3;
				MTL_ENABLE_DEBUG_INFO = YES;
				ONLY_ACTIVE_ARCH = YES;
				SDKROOT = iphoneos;
				TARGETED_DEVICE_FAMILY = "1,2";
			};
			name = Debug;
		};
		F904658A1CBE94270054773F /* Release */ = {
			isa = XCBuildConfiguration;
			buildSettings = {
				ALWAYS_SEARCH_USER_PATHS = NO;
				CLANG_ANALYZER_NONNULL = YES;
				CLANG_CXX_LANGUAGE_STANDARD = "gnu++0x";
				CLANG_CXX_LIBRARY = "libc++";
				CLANG_ENABLE_MODULES = YES;
				CLANG_ENABLE_OBJC_ARC = YES;
				CLANG_WARN_BOOL_CONVERSION = YES;
				CLANG_WARN_CONSTANT_CONVERSION = YES;
				CLANG_WARN_DIRECT_OBJC_ISA_USAGE = YES_ERROR;
				CLANG_WARN_EMPTY_BODY = YES;
				CLANG_WARN_ENUM_CONVERSION = YES;
				CLANG_WARN_INT_CONVERSION = YES;
				CLANG_WARN_OBJC_ROOT_CLASS = YES_ERROR;
				CLANG_WARN_UNREACHABLE_CODE = YES;
				CLANG_WARN__DUPLICATE_METHOD_MATCH = YES;
				"CODE_SIGN_IDENTITY[sdk=iphoneos*]" = "iPhone Developer";
				COPY_PHASE_STRIP = NO;
				DEBUG_INFORMATION_FORMAT = "dwarf-with-dsym";
				ENABLE_NS_ASSERTIONS = NO;
				ENABLE_STRICT_OBJC_MSGSEND = YES;
				GCC_C_LANGUAGE_STANDARD = gnu99;
				GCC_NO_COMMON_BLOCKS = YES;
				GCC_WARN_64_TO_32_BIT_CONVERSION = YES;
				GCC_WARN_ABOUT_RETURN_TYPE = YES_ERROR;
				GCC_WARN_UNDECLARED_SELECTOR = YES;
				GCC_WARN_UNINITIALIZED_AUTOS = YES_AGGRESSIVE;
				GCC_WARN_UNUSED_FUNCTION = YES;
				GCC_WARN_UNUSED_VARIABLE = YES;
				IPHONEOS_DEPLOYMENT_TARGET = 9.3;
				MTL_ENABLE_DEBUG_INFO = NO;
				SDKROOT = iphoneos;
				TARGETED_DEVICE_FAMILY = "1,2";
				VALIDATE_PRODUCT = YES;
			};
			name = Release;
		};
		F904658C1CBE94270054773F /* Debug */ = {
			isa = XCBuildConfiguration;
			buildSettings = {
				ASSETCATALOG_COMPILER_APPICON_NAME = AppIcon;
				INFOPLIST_FILE = SocialShare/Info.plist;
				LD_RUNPATH_SEARCH_PATHS = "$(inherited) @executable_path/Frameworks";
				PRODUCT_BUNDLE_IDENTIFIER = harishsista.SocialShare;
				PRODUCT_NAME = "$(TARGET_NAME)";
			};
			name = Debug;
		};
		F904658D1CBE94270054773F /* Release */ = {
			isa = XCBuildConfiguration;
			buildSettings = {
				ASSETCATALOG_COMPILER_APPICON_NAME = AppIcon;
				INFOPLIST_FILE = SocialShare/Info.plist;
				LD_RUNPATH_SEARCH_PATHS = "$(inherited) @executable_path/Frameworks";
				PRODUCT_BUNDLE_IDENTIFIER = harishsista.SocialShare;
				PRODUCT_NAME = "$(TARGET_NAME)";
			};
			name = Release;
		};
/* End XCBuildConfiguration section */

/* Begin XCConfigurationList section */
		F904656F1CBE94270054773F /* Build configuration list for PBXProject "SocialShare" */ = {
			isa = XCConfigurationList;
			buildConfigurations = (
				F90465891CBE94270054773F /* Debug */,
				F904658A1CBE94270054773F /* Release */,
			);
			defaultConfigurationIsVisible = 0;
			defaultConfigurationName = Release;
		};
		F904658B1CBE94270054773F /* Build configuration list for PBXNativeTarget "SocialShare" */ = {
			isa = XCConfigurationList;
			buildConfigurations = (
				F904658C1CBE94270054773F /* Debug */,
				F904658D1CBE94270054773F /* Release */,
			);
			defaultConfigurationIsVisible = 0;
		};
/* End XCConfigurationList section */
	};
	rootObject = F904656C1CBE94270054773F /* Project object */;
}
